
Microsoft Visual Studio Solution File, Format Version 12.00
# Visual Studio Version 17
VisualStudioVersion = 17.3.32611.2
MinimumVisualStudioVersion = 10.0.40219.1
Project("{9A19103F-16F7-4668-BE54-9A1E7A4F7556}") = "eShopCloudNative.Catalog.WebUI", "catalog\eShopCloudNative.Catalog.WebUI\eShopCloudNative.Catalog.WebUI.csproj", "{4B362F25-7209-4D12-B36E-7342A652D38B}"
EndProject
Project("{2150E333-8FDC-42A3-9474-1A3956D46DE8}") = "catalog", "catalog", "{47103EE0-8D83-4EC3-8292-5B78C829CE21}"
EndProject
Project("{E53339B2-1760-4266-BCC7-CA923CBCF16C}") = "docker-compose", "docker-compose.dcproj", "{9D285E4F-D05A-4893-A3EB-56E064C98C31}"
EndProject
Global
	GlobalSection(SolutionConfigurationPlatforms) = preSolution
		Debug|Any CPU = Debug|Any CPU
		Release|Any CPU = Release|Any CPU
	EndGlobalSection
	GlobalSection(ProjectConfigurationPlatforms) = postSolution
		{4B362F25-7209-4D12-B36E-7342A652D38B}.Debug|Any CPU.ActiveCfg = Debug|Any CPU
		{4B362F25-7209-4D12-B36E-7342A652D38B}.Debug|Any CPU.Build.0 = Debug|Any CPU
		{4B362F25-7209-4D12-B36E-7342A652D38B}.Release|Any CPU.ActiveCfg = Release|Any CPU
		{4B362F25-7209-4D12-B36E-7342A652D38B}.Release|Any CPU.Build.0 = Release|Any CPU
		{9D285E4F-D05A-4893-A3EB-56E064C98C31}.Debug|Any CPU.ActiveCfg = Debug|Any CPU
		{9D285E4F-D05A-4893-A3EB-56E064C98C31}.Debug|Any CPU.Build.0 = Debug|Any CPU
		{9D285E4F-D05A-4893-A3EB-56E064C98C31}.Release|Any CPU.ActiveCfg = Release|Any CPU
		{9D285E4F-D05A-4893-A3EB-56E064C98C31}.Release|Any CPU.Build.0 = Release|Any CPU
	EndGlobalSection
	GlobalSection(SolutionProperties) = preSolution
		HideSolutionNode = FALSE
	EndGlobalSection
	GlobalSection(NestedProjects) = preSolution
		{4B362F25-7209-4D12-B36E-7342A652D38B} = {47103EE0-8D83-4EC3-8292-5B78C829CE21}
	EndGlobalSection
	GlobalSection(ExtensibilityGlobals) = postSolution
		SolutionGuid = {0B0D5075-85C7-406F-A873-6D39726D0EC7}
	EndGlobalSection
EndGlobal
