
Microsoft Visual Studio Solution File, Format Version 12.00
# Visual Studio Version 17
VisualStudioVersion = 17.3.32611.2
MinimumVisualStudioVersion = 10.0.40219.1
Project("{9A19103F-16F7-4668-BE54-9A1E7A4F7556}") = "eShopCloudNative.Catalog.WebUI", "catalog\eShopCloudNative.Catalog.WebUI\eShopCloudNative.Catalog.WebUI.csproj", "{4B362F25-7209-4D12-B36E-7342A652D38B}"
EndProject
Project("{2150E333-8FDC-42A3-9474-1A3956D46DE8}") = "catalog", "catalog", "{47103EE0-8D83-4EC3-8292-5B78C829CE21}"
EndProject
Project("{E53339B2-1760-4266-BCC7-CA923CBCF16C}") = "docker-compose", "docker-compose.dcproj", "{9D285E4F-D05A-4893-A3EB-56E064C98C31}"
EndProject
Project("{9A19103F-16F7-4668-BE54-9A1E7A4F7556}") = "eShopCloudNative.Catalog.Bootstrapper", "catalog\eShopCloudNative.Catalog.Bootstrapper\eShopCloudNative.Catalog.Bootstrapper.csproj", "{BA147E9C-BA48-40A1-9B4B-373FA59332AF}"
EndProject
Project("{9A19103F-16F7-4668-BE54-9A1E7A4F7556}") = "eShopCloudNative.Catalog.Core", "catalog\eShopCloudNative.Catalog.Core\eShopCloudNative.Catalog.Core.csproj", "{F02BA866-440F-44B0-B9E1-CDE283E4FE07}"
EndProject
Project("{9A19103F-16F7-4668-BE54-9A1E7A4F7556}") = "eShopCloudNative.Catalog.WebApi", "catalog\eShopCloudNative.Catalog.WebApi\eShopCloudNative.Catalog.WebApi.csproj", "{54DB5DBE-FC5B-4BB2-B394-51340D0BA108}"
EndProject
Project("{9A19103F-16F7-4668-BE54-9A1E7A4F7556}") = "eShopCloudNative.Catalog.Contracts", "catalog\eShopCloudNative.Catalog.Contracts\eShopCloudNative.Catalog.Contracts.csproj", "{DE64B1D6-7D49-4886-B65D-B7FCD064DE55}"
EndProject
Project("{2150E333-8FDC-42A3-9474-1A3956D46DE8}") = "Domain", "Domain", "{B791BEAD-D87C-4D55-BF8B-B7F504E260A1}"
EndProject
Project("{2150E333-8FDC-42A3-9474-1A3956D46DE8}") = "Ports", "Ports", "{6525EA68-80F3-4D33-8C4F-319893C32BFE}"
EndProject
Project("{9A19103F-16F7-4668-BE54-9A1E7A4F7556}") = "eShopCloudNative.Catalog.Architecture", "catalog\eShopCloudNative.Catalog.Architecture\eShopCloudNative.Catalog.Architecture.csproj", "{FE206DE3-DA83-4270-AEC2-8B0D085EAE45}"
EndProject
Project("{2150E333-8FDC-42A3-9474-1A3956D46DE8}") = "architecture", "architecture", "{43B55757-A313-4F77-AD29-B9086CAC8330}"
	ProjectSection(SolutionItems) = preProject
		architecture\eShopCloudNative.Architecture.targets = architecture\eShopCloudNative.Architecture.targets
		architecture\Jenkinsfile = architecture\Jenkinsfile
	EndProjectSection
EndProject
Project("{2150E333-8FDC-42A3-9474-1A3956D46DE8}") = "profile", "profile", "{6D4AC158-6BFB-4E59-8D71-47B3C03B15BE}"
EndProject
Project("{9A19103F-16F7-4668-BE54-9A1E7A4F7556}") = "eShopCloudNative.Architecture.Bootstrap", "architecture\eShopCloudNative.Architecture.Bootstrap\eShopCloudNative.Architecture.Bootstrap.csproj", "{F76CFA87-AC06-49C8-9755-AFF575B9FA46}"
EndProject
Project("{9A19103F-16F7-4668-BE54-9A1E7A4F7556}") = "eShopCloudNative.Architecture.Data", "architecture\eShopCloudNative.Architecture.Data\eShopCloudNative.Architecture.Data.csproj", "{8DFDD165-F27C-4216-A27E-64BDA6A76B28}"
EndProject
Project("{9A19103F-16F7-4668-BE54-9A1E7A4F7556}") = "eShopCloudNative.Architecture.Messaging", "architecture\eShopCloudNative.Architecture.Messaging\eShopCloudNative.Architecture.Messaging.csproj", "{E2143880-2F7A-43C7-AFB7-A997CD1FB8C3}"
EndProject
Project("{9A19103F-16F7-4668-BE54-9A1E7A4F7556}") = "eShopCloudNative.Architecture.WebApi", "architecture\eShopCloudNative.Architecture.WebApi\eShopCloudNative.Architecture.WebApi.csproj", "{49233A2C-E3FD-4803-9C18-8ABD495A9AF5}"
EndProject
Project("{9A19103F-16F7-4668-BE54-9A1E7A4F7556}") = "eShopCloudNative.Architecture.Tests", "architecture\eShopCloudNative.Architecture.Tests\eShopCloudNative.Architecture.Tests.csproj", "{099F99C9-A28B-4977-9ECC-7B711D5C0E8C}"
EndProject
Project("{9A19103F-16F7-4668-BE54-9A1E7A4F7556}") = "eShopCloudNative.Architecture", "architecture\eShopCloudNative.Architecture\eShopCloudNative.Architecture.csproj", "{A1E6D8FE-9596-4286-90B6-52B0DB7F610B}"
EndProject
Project("{2150E333-8FDC-42A3-9474-1A3956D46DE8}") = "tests", "tests", "{CA6C0391-969F-441A-BA30-236A6000066E}"
EndProject
Global
	GlobalSection(SolutionConfigurationPlatforms) = preSolution
		Debug|Any CPU = Debug|Any CPU
		Release|Any CPU = Release|Any CPU
	EndGlobalSection
	GlobalSection(ProjectConfigurationPlatforms) = postSolution
		{4B362F25-7209-4D12-B36E-7342A652D38B}.Debug|Any CPU.ActiveCfg = Debug|Any CPU
		{4B362F25-7209-4D12-B36E-7342A652D38B}.Debug|Any CPU.Build.0 = Debug|Any CPU
		{4B362F25-7209-4D12-B36E-7342A652D38B}.Release|Any CPU.ActiveCfg = Release|Any CPU
		{4B362F25-7209-4D12-B36E-7342A652D38B}.Release|Any CPU.Build.0 = Release|Any CPU
		{9D285E4F-D05A-4893-A3EB-56E064C98C31}.Debug|Any CPU.ActiveCfg = Debug|Any CPU
		{9D285E4F-D05A-4893-A3EB-56E064C98C31}.Debug|Any CPU.Build.0 = Debug|Any CPU
		{9D285E4F-D05A-4893-A3EB-56E064C98C31}.Release|Any CPU.ActiveCfg = Release|Any CPU
		{9D285E4F-D05A-4893-A3EB-56E064C98C31}.Release|Any CPU.Build.0 = Release|Any CPU
		{BA147E9C-BA48-40A1-9B4B-373FA59332AF}.Debug|Any CPU.ActiveCfg = Debug|Any CPU
		{BA147E9C-BA48-40A1-9B4B-373FA59332AF}.Debug|Any CPU.Build.0 = Debug|Any CPU
		{BA147E9C-BA48-40A1-9B4B-373FA59332AF}.Release|Any CPU.ActiveCfg = Release|Any CPU
		{BA147E9C-BA48-40A1-9B4B-373FA59332AF}.Release|Any CPU.Build.0 = Release|Any CPU
		{F02BA866-440F-44B0-B9E1-CDE283E4FE07}.Debug|Any CPU.ActiveCfg = Debug|Any CPU
		{F02BA866-440F-44B0-B9E1-CDE283E4FE07}.Debug|Any CPU.Build.0 = Debug|Any CPU
		{F02BA866-440F-44B0-B9E1-CDE283E4FE07}.Release|Any CPU.ActiveCfg = Release|Any CPU
		{F02BA866-440F-44B0-B9E1-CDE283E4FE07}.Release|Any CPU.Build.0 = Release|Any CPU
		{54DB5DBE-FC5B-4BB2-B394-51340D0BA108}.Debug|Any CPU.ActiveCfg = Debug|Any CPU
		{54DB5DBE-FC5B-4BB2-B394-51340D0BA108}.Debug|Any CPU.Build.0 = Debug|Any CPU
		{54DB5DBE-FC5B-4BB2-B394-51340D0BA108}.Release|Any CPU.ActiveCfg = Release|Any CPU
		{54DB5DBE-FC5B-4BB2-B394-51340D0BA108}.Release|Any CPU.Build.0 = Release|Any CPU
		{DE64B1D6-7D49-4886-B65D-B7FCD064DE55}.Debug|Any CPU.ActiveCfg = Debug|Any CPU
		{DE64B1D6-7D49-4886-B65D-B7FCD064DE55}.Debug|Any CPU.Build.0 = Debug|Any CPU
		{DE64B1D6-7D49-4886-B65D-B7FCD064DE55}.Release|Any CPU.ActiveCfg = Release|Any CPU
		{DE64B1D6-7D49-4886-B65D-B7FCD064DE55}.Release|Any CPU.Build.0 = Release|Any CPU
		{FE206DE3-DA83-4270-AEC2-8B0D085EAE45}.Debug|Any CPU.ActiveCfg = Debug|Any CPU
		{FE206DE3-DA83-4270-AEC2-8B0D085EAE45}.Debug|Any CPU.Build.0 = Debug|Any CPU
		{FE206DE3-DA83-4270-AEC2-8B0D085EAE45}.Release|Any CPU.ActiveCfg = Release|Any CPU
		{FE206DE3-DA83-4270-AEC2-8B0D085EAE45}.Release|Any CPU.Build.0 = Release|Any CPU
		{F76CFA87-AC06-49C8-9755-AFF575B9FA46}.Debug|Any CPU.ActiveCfg = Debug|Any CPU
		{F76CFA87-AC06-49C8-9755-AFF575B9FA46}.Debug|Any CPU.Build.0 = Debug|Any CPU
		{F76CFA87-AC06-49C8-9755-AFF575B9FA46}.Release|Any CPU.ActiveCfg = Release|Any CPU
		{F76CFA87-AC06-49C8-9755-AFF575B9FA46}.Release|Any CPU.Build.0 = Release|Any CPU
		{8DFDD165-F27C-4216-A27E-64BDA6A76B28}.Debug|Any CPU.ActiveCfg = Debug|Any CPU
		{8DFDD165-F27C-4216-A27E-64BDA6A76B28}.Debug|Any CPU.Build.0 = Debug|Any CPU
		{8DFDD165-F27C-4216-A27E-64BDA6A76B28}.Release|Any CPU.ActiveCfg = Release|Any CPU
		{8DFDD165-F27C-4216-A27E-64BDA6A76B28}.Release|Any CPU.Build.0 = Release|Any CPU
		{E2143880-2F7A-43C7-AFB7-A997CD1FB8C3}.Debug|Any CPU.ActiveCfg = Debug|Any CPU
		{E2143880-2F7A-43C7-AFB7-A997CD1FB8C3}.Debug|Any CPU.Build.0 = Debug|Any CPU
		{E2143880-2F7A-43C7-AFB7-A997CD1FB8C3}.Release|Any CPU.ActiveCfg = Release|Any CPU
		{E2143880-2F7A-43C7-AFB7-A997CD1FB8C3}.Release|Any CPU.Build.0 = Release|Any CPU
		{49233A2C-E3FD-4803-9C18-8ABD495A9AF5}.Debug|Any CPU.ActiveCfg = Debug|Any CPU
		{49233A2C-E3FD-4803-9C18-8ABD495A9AF5}.Debug|Any CPU.Build.0 = Debug|Any CPU
		{49233A2C-E3FD-4803-9C18-8ABD495A9AF5}.Release|Any CPU.ActiveCfg = Release|Any CPU
		{49233A2C-E3FD-4803-9C18-8ABD495A9AF5}.Release|Any CPU.Build.0 = Release|Any CPU
		{099F99C9-A28B-4977-9ECC-7B711D5C0E8C}.Debug|Any CPU.ActiveCfg = Debug|Any CPU
		{099F99C9-A28B-4977-9ECC-7B711D5C0E8C}.Debug|Any CPU.Build.0 = Debug|Any CPU
		{099F99C9-A28B-4977-9ECC-7B711D5C0E8C}.Release|Any CPU.ActiveCfg = Release|Any CPU
		{099F99C9-A28B-4977-9ECC-7B711D5C0E8C}.Release|Any CPU.Build.0 = Release|Any CPU
		{A1E6D8FE-9596-4286-90B6-52B0DB7F610B}.Debug|Any CPU.ActiveCfg = Debug|Any CPU
		{A1E6D8FE-9596-4286-90B6-52B0DB7F610B}.Debug|Any CPU.Build.0 = Debug|Any CPU
		{A1E6D8FE-9596-4286-90B6-52B0DB7F610B}.Release|Any CPU.ActiveCfg = Release|Any CPU
		{A1E6D8FE-9596-4286-90B6-52B0DB7F610B}.Release|Any CPU.Build.0 = Release|Any CPU
	EndGlobalSection
	GlobalSection(SolutionProperties) = preSolution
		HideSolutionNode = FALSE
	EndGlobalSection
	GlobalSection(NestedProjects) = preSolution
		{4B362F25-7209-4D12-B36E-7342A652D38B} = {6525EA68-80F3-4D33-8C4F-319893C32BFE}
		{BA147E9C-BA48-40A1-9B4B-373FA59332AF} = {6525EA68-80F3-4D33-8C4F-319893C32BFE}
		{F02BA866-440F-44B0-B9E1-CDE283E4FE07} = {B791BEAD-D87C-4D55-BF8B-B7F504E260A1}
		{54DB5DBE-FC5B-4BB2-B394-51340D0BA108} = {6525EA68-80F3-4D33-8C4F-319893C32BFE}
		{DE64B1D6-7D49-4886-B65D-B7FCD064DE55} = {B791BEAD-D87C-4D55-BF8B-B7F504E260A1}
		{B791BEAD-D87C-4D55-BF8B-B7F504E260A1} = {47103EE0-8D83-4EC3-8292-5B78C829CE21}
		{6525EA68-80F3-4D33-8C4F-319893C32BFE} = {47103EE0-8D83-4EC3-8292-5B78C829CE21}
		{FE206DE3-DA83-4270-AEC2-8B0D085EAE45} = {47103EE0-8D83-4EC3-8292-5B78C829CE21}
		{F76CFA87-AC06-49C8-9755-AFF575B9FA46} = {43B55757-A313-4F77-AD29-B9086CAC8330}
		{8DFDD165-F27C-4216-A27E-64BDA6A76B28} = {43B55757-A313-4F77-AD29-B9086CAC8330}
		{E2143880-2F7A-43C7-AFB7-A997CD1FB8C3} = {43B55757-A313-4F77-AD29-B9086CAC8330}
		{49233A2C-E3FD-4803-9C18-8ABD495A9AF5} = {43B55757-A313-4F77-AD29-B9086CAC8330}
		{099F99C9-A28B-4977-9ECC-7B711D5C0E8C} = {CA6C0391-969F-441A-BA30-236A6000066E}
		{A1E6D8FE-9596-4286-90B6-52B0DB7F610B} = {43B55757-A313-4F77-AD29-B9086CAC8330}
		{CA6C0391-969F-441A-BA30-236A6000066E} = {43B55757-A313-4F77-AD29-B9086CAC8330}
	EndGlobalSection
	GlobalSection(ExtensibilityGlobals) = postSolution
		SolutionGuid = {0B0D5075-85C7-406F-A873-6D39726D0EC7}
	EndGlobalSection
EndGlobal
